
Microsoft Visual Studio Solution File, Format Version 12.00
Project("{2150E333-8FDC-42A3-9474-1A3956D46DE8}") = "src", "src", "{82EC414B-67BA-4ABD-8147-5670B4492C7A}"
EndProject
Project("{FAE04EC0-301F-11D3-BF4B-00C04F79EFBC}") = "Domain", "src\Domain\Domain.csproj", "{0C88B6DA-946F-4488-92F8-D678A0C4096F}"
EndProject
Project("{FAE04EC0-301F-11D3-BF4B-00C04F79EFBC}") = "Infrastructure", "src\Infrastructure\Infrastructure.csproj", "{AE050A37-D639-46ED-B40C-4D0829F69C7E}"
EndProject
Project("{FAE04EC0-301F-11D3-BF4B-00C04F79EFBC}") = "Application", "src\Application\Application.csproj", "{0CF734FD-AABB-419D-B150-4716352CA8F5}"
EndProject
Project("{FAE04EC0-301F-11D3-BF4B-00C04F79EFBC}") = "WebApi", "src\WebApi\WebApi.csproj", "{96C0F38E-9466-4072-BE39-09E047B2BBC5}"
EndProject
Global
	GlobalSection(SolutionConfigurationPlatforms) = preSolution
		Debug|Any CPU = Debug|Any CPU
		Release|Any CPU = Release|Any CPU
	EndGlobalSection
	GlobalSection(NestedProjects) = preSolution
		{0C88B6DA-946F-4488-92F8-D678A0C4096F} = {82EC414B-67BA-4ABD-8147-5670B4492C7A}
		{AE050A37-D639-46ED-B40C-4D0829F69C7E} = {82EC414B-67BA-4ABD-8147-5670B4492C7A}
		{0CF734FD-AABB-419D-B150-4716352CA8F5} = {82EC414B-67BA-4ABD-8147-5670B4492C7A}
		{96C0F38E-9466-4072-BE39-09E047B2BBC5} = {82EC414B-67BA-4ABD-8147-5670B4492C7A}
	EndGlobalSection
	GlobalSection(ProjectConfigurationPlatforms) = postSolution
		{0C88B6DA-946F-4488-92F8-D678A0C4096F}.Debug|Any CPU.ActiveCfg = Debug|Any CPU
		{0C88B6DA-946F-4488-92F8-D678A0C4096F}.Debug|Any CPU.Build.0 = Debug|Any CPU
		{0C88B6DA-946F-4488-92F8-D678A0C4096F}.Release|Any CPU.ActiveCfg = Release|Any CPU
		{0C88B6DA-946F-4488-92F8-D678A0C4096F}.Release|Any CPU.Build.0 = Release|Any CPU
		{AE050A37-D639-46ED-B40C-4D0829F69C7E}.Debug|Any CPU.ActiveCfg = Debug|Any CPU
		{AE050A37-D639-46ED-B40C-4D0829F69C7E}.Debug|Any CPU.Build.0 = Debug|Any CPU
		{AE050A37-D639-46ED-B40C-4D0829F69C7E}.Release|Any CPU.ActiveCfg = Release|Any CPU
		{AE050A37-D639-46ED-B40C-4D0829F69C7E}.Release|Any CPU.Build.0 = Release|Any CPU
		{0CF734FD-AABB-419D-B150-4716352CA8F5}.Debug|Any CPU.ActiveCfg = Debug|Any CPU
		{0CF734FD-AABB-419D-B150-4716352CA8F5}.Debug|Any CPU.Build.0 = Debug|Any CPU
		{0CF734FD-AABB-419D-B150-4716352CA8F5}.Release|Any CPU.ActiveCfg = Release|Any CPU
		{0CF734FD-AABB-419D-B150-4716352CA8F5}.Release|Any CPU.Build.0 = Release|Any CPU
		{96C0F38E-9466-4072-BE39-09E047B2BBC5}.Debug|Any CPU.ActiveCfg = Debug|Any CPU
		{96C0F38E-9466-4072-BE39-09E047B2BBC5}.Debug|Any CPU.Build.0 = Debug|Any CPU
		{96C0F38E-9466-4072-BE39-09E047B2BBC5}.Release|Any CPU.ActiveCfg = Release|Any CPU
		{96C0F38E-9466-4072-BE39-09E047B2BBC5}.Release|Any CPU.Build.0 = Release|Any CPU
	EndGlobalSection
EndGlobal
